org_name = "pramodya"
version = "0.1.0"
lockfile_version = "1.0.0"
ballerina_version = "1.0.0-beta-SNAPSHOT"

[[imports]]
org_name = "ballerina"
name = "system"
version = ""

[[imports.imports]]
org_name = "ballerina"
name = "time"
version = ""
imports = []

[[imports.imports]]
org_name = "ballerina"
name = "io"
version = ""
imports = []

[[imports]]
org_name = "ballerina"
name = "io"
version = ""
imports = []

[[imports]]
org_name = "ballerina"
name = "cache"
version = ""

[[imports.imports]]
org_name = "ballerina"
name = "system"
version = ""
imports = []

[[imports.imports]]
org_name = "ballerina"
name = "task"
version = ""
imports = []

[[imports.imports]]
org_name = "ballerina"
name = "time"
version = ""
imports = []

[[imports]]
org_name = "ballerina"
name = "log"
version = ""
imports = []

[[imports]]
org_name = "ballerina"
name = "internal"
version = ""
imports = []

[[imports]]
org_name = "ballerina"
name = "http"
version = ""

[[imports.imports]]
org_name = "ballerina"
name = "reflect"
version = ""
imports = []

[[imports.imports]]
org_name = "ballerina"
name = "runtime"
version = ""
imports = []

[[imports.imports]]
org_name = "ballerina"
name = "cache"
version = ""
imports = []

[[imports.imports]]
org_name = "ballerina"
name = "io"
version = ""
imports = []

[[imports.imports]]
org_name = "ballerina"
name = "log"
version = ""
imports = []

[[imports.imports]]
org_name = "ballerina"
name = "auth"
version = ""
imports = []

[[imports.imports]]
org_name = "ballerina"
name = "encoding"
version = ""
imports = []

[[imports.imports]]
org_name = "ballerina"
name = "internal"
version = ""
imports = []

[[imports.imports]]
org_name = "ballerina"
name = "lang.int"
version = ""
imports = []

[[imports.imports]]
org_name = "ballerina"
name = "time"
version = ""
imports = []

[[imports.imports]]
org_name = "ballerina"
name = "crypto"
version = ""
imports = []

[[imports.imports]]
org_name = "ballerina"
name = "mime"
version = ""
imports = []

[[imports.imports]]
org_name = "ballerina"
name = "lang.object"
version = ""
imports = []

[[imports.imports]]
org_name = "ballerina"
name = "math"
version = ""
imports = []

[[imports.imports]]
org_name = "ballerina"
name = "config"
version = ""
imports = []

[[imports.imports]]
org_name = "ballerina"
name = "system"
version = ""
imports = []

[[imports.imports]]
org_name = "ballerina"
name = "lang.int"
version = ""
imports = []

[[imports]]
org_name = "ballerina"
name = "reflect"
version = ""
imports = []

[[imports]]
org_name = "ballerina"
name = "io"
version = ""
imports = []

[[imports]]
org_name = "ballerina"
name = "lang.object"
version = ""
imports = []

[[imports]]
org_name = "ballerina"
name = "internal"
version = ""
imports = []

[[imports]]
org_name = "ballerina"
name = "mime"
version = ""

[[imports.imports]]
org_name = "ballerina"
name = "io"
version = ""
imports = []

[[imports.imports]]
org_name = "ballerina"
name = "lang.int"
version = ""
imports = []

[[imports]]
org_name = "ballerina"
name = "io"
version = ""
imports = []

[[imports]]
org_name = "ballerina"
name = "internal"
version = ""
imports = []

[[imports]]
org_name = "ballerina"
name = "math"
version = ""
imports = []

[[imports]]
org_name = "ballerina"
name = "system"
version = ""

[[imports.imports]]
org_name = "ballerina"
name = "time"
version = ""
imports = []

[[imports.imports]]
org_name = "ballerina"
name = "io"
version = ""
imports = []

[[imports]]
org_name = "ballerina"
name = "internal"
version = ""
imports = []

[[imports]]
org_name = "ballerina"
name = "lang.int"
version = ""
imports = []

[[imports]]
org_name = "ballerina"
name = "runtime"
version = ""
imports = []

[[imports]]
org_name = "ballerina"
name = "log"
version = ""
imports = []

[[imports]]
org_name = "ballerina"
name = "time"
version = ""
imports = []

[[imports]]
org_name = "ballerina"
name = "system"
version = ""

[[imports.imports]]
org_name = "ballerina"
name = "time"
version = ""
imports = []

[[imports.imports]]
org_name = "ballerina"
name = "io"
version = ""
imports = []

[[imports]]
org_name = "ballerina"
name = "time"
version = ""
imports = []

[[imports]]
org_name = "ballerina"
name = "http"
version = ""

[[imports.imports]]
org_name = "ballerina"
name = "reflect"
version = ""
imports = []

[[imports.imports]]
org_name = "ballerina"
name = "runtime"
version = ""
imports = []

[[imports.imports]]
org_name = "ballerina"
name = "cache"
version = ""
imports = []

[[imports.imports]]
org_name = "ballerina"
name = "io"
version = ""
imports = []

[[imports.imports]]
org_name = "ballerina"
name = "log"
version = ""
imports = []

[[imports.imports]]
org_name = "ballerina"
name = "auth"
version = ""
imports = []

[[imports.imports]]
org_name = "ballerina"
name = "encoding"
version = ""
imports = []

[[imports.imports]]
org_name = "ballerina"
name = "internal"
version = ""
imports = []

[[imports.imports]]
org_name = "ballerina"
name = "lang.int"
version = ""
imports = []

[[imports.imports]]
org_name = "ballerina"
name = "time"
version = ""
imports = []

[[imports.imports]]
org_name = "ballerina"
name = "crypto"
version = ""
imports = []

[[imports.imports]]
org_name = "ballerina"
name = "mime"
version = ""
imports = []

[[imports.imports]]
org_name = "ballerina"
name = "lang.object"
version = ""
imports = []

[[imports.imports]]
org_name = "ballerina"
name = "math"
version = ""
imports = []

[[imports.imports]]
org_name = "ballerina"
name = "config"
version = ""
imports = []

[[imports.imports]]
org_name = "ballerina"
name = "system"
version = ""
imports = []

[[imports.imports]]
org_name = "ballerina"
name = "lang.int"
version = ""
imports = []

[[imports]]
org_name = "ballerina"
name = "lang.int"
version = ""
imports = []

[[imports]]
org_name = "ballerina"
name = "time"
version = ""
imports = []

[[imports]]
org_name = "ballerina"
name = "lang.int"
version = ""
imports = []

[[imports]]
org_name = "ballerina"
name = "time"
version = ""
imports = []

[[imports]]
org_name = "ballerina"
name = "time"
version = ""
imports = []

[[imports]]
org_name = "ballerina"
name = "io"
version = ""
imports = []

[[imports]]
org_name = "ballerina"
name = "log"
version = ""
imports = []

[[imports]]
org_name = "ballerina"
name = "time"
version = ""
imports = []

[[imports]]
org_name = "ballerina"
name = "time"
version = ""
imports = []

[[imports]]
org_name = "ballerina"
name = "time"
version = ""
imports = []

[[imports]]
org_name = "ballerina"
name = "crypto"
version = ""

[[imports.imports]]
org_name = "ballerina"
name = "time"
version = ""
imports = []

[[imports]]
org_name = "ballerina"
name = "encoding"
version = ""
imports = []

[[imports]]
org_name = "ballerina"
name = "lang.float"
version = ""
imports = []

[[imports]]
org_name = "ballerina"
name = "runtime"
version = ""
imports = []

[[imports]]
org_name = "ballerina"
name = "internal"
version = ""
imports = []

[[imports]]
org_name = "ballerina"
name = "system"
version = ""

[[imports.imports]]
org_name = "ballerina"
name = "time"
version = ""
imports = []

[[imports.imports]]
org_name = "ballerina"
name = "io"
version = ""
imports = []

[[imports]]
org_name = "ballerina"
name = "io"
version = ""
imports = []

[[imports]]
org_name = "ballerina"
name = "time"
version = ""
imports = []

[[imports]]
org_name = "ballerina"
name = "cache"
version = ""

[[imports.imports]]
org_name = "ballerina"
name = "system"
version = ""
imports = []

[[imports.imports]]
org_name = "ballerina"
name = "task"
version = ""
imports = []

[[imports.imports]]
org_name = "ballerina"
name = "time"
version = ""
imports = []

[[imports]]
org_name = "ballerina"
name = "encoding"
version = ""
imports = []

[[imports]]
org_name = "ballerina"
name = "encoding"
version = ""
imports = []

[[imports]]
org_name = "ballerina"
name = "io"
version = ""
imports = []

[[imports]]
org_name = "ballerina"
name = "log"
version = ""
imports = []

[[imports]]
org_name = "ballerina"
name = "io"
version = ""
imports = []

[[imports]]
org_name = "ballerina"
name = "lang.float"
version = ""
imports = []

[[imports]]
org_name = "ballerina"
name = "system"
version = ""

[[imports.imports]]
org_name = "ballerina"
name = "time"
version = ""
imports = []

[[imports.imports]]
org_name = "ballerina"
name = "io"
version = ""
imports = []

[[imports]]
org_name = "ballerina"
name = "runtime"
version = ""
imports = []

[[imports]]
org_name = "ballerina"
name = "system"
version = ""

[[imports.imports]]
org_name = "ballerina"
name = "time"
version = ""
imports = []

[[imports.imports]]
org_name = "ballerina"
name = "io"
version = ""
imports = []

[[imports]]
org_name = "pramodya"
name = "sfdc46"
version = "0.1.0"

[[imports.imports]]
org_name = "ballerina"
name = "mime"
version = ""
imports = []

[[imports.imports]]
org_name = "ballerina"
name = "encoding"
version = ""
imports = []

[[imports.imports]]
org_name = "ballerina"
name = "http"
version = ""
imports = []

[[imports.imports]]
org_name = "ballerina"
name = "filepath"
version = ""
imports = []

[[imports.imports]]
org_name = "ballerina"
name = "auth"
version = ""
imports = []

[[imports.imports]]
org_name = "ballerina"
name = "log"
version = ""
imports = []

[[imports.imports]]
org_name = "ballerina"
name = "internal"
version = ""
imports = []

[[imports.imports]]
org_name = "ballerina"
name = "io"
version = ""
imports = []

[[imports.imports]]
org_name = "ballerina"
name = "lang.int"
version = ""
imports = []

[[imports.imports]]
org_name = "ballerina"
name = "lang.float"
version = ""
imports = []

[[imports.imports]]
org_name = "ballerina"
name = "oauth2"
version = ""
imports = []

[[imports.imports]]
org_name = "ballerinax"
name = "java"
version = "0.0.0"
imports = []

[[imports.imports]]
org_name = "ballerina"
name = "config"
version = ""
imports = []

[[imports.imports]]
org_name = "ballerina"
name = "test"
version = ""
imports = []

[[imports.imports]]
org_name = "ballerina"
name = "time"
version = ""
imports = []

[[imports.imports]]
org_name = "ballerina"
name = "system"
version = ""
imports = []

[[imports.imports]]
org_name = "ballerina"
name = "runtime"
version = ""
imports = []

[[imports]]
org_name = "ballerina"
name = "lang.int"
version = ""
imports = []

[[imports]]
org_name = "ballerina"
name = "time"
version = ""
imports = []

[[imports]]
org_name = "ballerina"
name = "encoding"
version = ""
imports = []

[[imports]]
org_name = "ballerina"
name = "lang.int"
version = ""
imports = []

[[imports]]
org_name = "ballerina"
name = "crypto"
version = ""

[[imports.imports]]
org_name = "ballerina"
name = "time"
version = ""
imports = []

[[imports]]
org_name = "ballerina"
name = "config"
version = ""

[[imports.imports]]
org_name = "ballerina"
name = "lang.int"
version = ""
imports = []

[[imports.imports]]
org_name = "ballerina"
name = "lang.float"
version = ""
imports = []

[[imports.imports]]
org_name = "ballerina"
name = "internal"
version = ""
imports = []

[[imports.imports]]
org_name = "ballerina"
name = "system"
version = ""
imports = []

[[imports]]
org_name = "ballerina"
name = "lang.int"
version = ""
imports = []

[[imports]]
org_name = "ballerina"
name = "time"
version = ""
imports = []

[[imports]]
org_name = "ballerina"
name = "lang.int"
version = ""
imports = []

[[imports]]
org_name = "ballerina"
name = "math"
version = ""
imports = []

[[imports]]
org_name = "ballerina"
name = "time"
version = ""
imports = []

[[imports]]
org_name = "ballerina"
name = "log"
version = ""
imports = []

[[imports]]
org_name = "ballerina"
name = "crypto"
version = ""

[[imports.imports]]
org_name = "ballerina"
name = "time"
version = ""
imports = []

[[imports]]
org_name = "ballerina"
name = "io"
version = ""
imports = []

[[imports]]
org_name = "ballerina"
name = "crypto"
version = ""

[[imports.imports]]
org_name = "ballerina"
name = "time"
version = ""
imports = []

[[imports]]
org_name = "ballerina"
name = "test"
version = ""

[[imports.imports]]
org_name = "ballerina"
name = "reflect"
version = ""
imports = []

[[imports.imports]]
org_name = "ballerina"
name = "io"
version = ""
imports = []

[[imports]]
org_name = "ballerina"
name = "mime"
version = ""

[[imports.imports]]
org_name = "ballerina"
name = "io"
version = ""
imports = []

[[imports.imports]]
org_name = "ballerina"
name = "lang.int"
version = ""
imports = []

[[imports]]
org_name = "ballerina"
name = "lang.int"
version = ""
imports = []

[[imports]]
org_name = "ballerina"
name = "config"
version = ""

[[imports.imports]]
org_name = "ballerina"
name = "lang.int"
version = ""
imports = []

[[imports.imports]]
org_name = "ballerina"
name = "lang.float"
version = ""
imports = []

[[imports.imports]]
org_name = "ballerina"
name = "internal"
version = ""
imports = []

[[imports.imports]]
org_name = "ballerina"
name = "system"
version = ""
imports = []

[[imports]]
org_name = "ballerina"
name = "time"
version = ""
imports = []

[[imports]]
org_name = "ballerina"
name = "lang.object"
version = ""
imports = []

[[imports]]
org_name = "ballerina"
name = "io"
version = ""
imports = []

[[imports]]
org_name = "ballerina"
name = "io"
version = ""
imports = []

[[imports]]
org_name = "ballerina"
name = "internal"
version = ""
imports = []

[[imports]]
org_name = "ballerina"
name = "io"
version = ""
imports = []

[[imports]]
org_name = "ballerina"
name = "internal"
version = ""
imports = []

[[imports]]
org_name = "ballerina"
name = "internal"
version = ""
imports = []

[[imports]]
org_name = "ballerina"
name = "lang.float"
version = ""
imports = []

[[imports]]
org_name = "ballerina"
name = "internal"
version = ""
imports = []

[[imports]]
org_name = "ballerina"
name = "time"
version = ""
imports = []

[[imports]]
org_name = "ballerinax"
name = "java"
version = "0.0.0"
imports = []

[[imports]]
org_name = "ballerina"
name = "runtime"
version = ""
imports = []

[[imports]]
org_name = "ballerina"
name = "log"
version = ""
imports = []

[[imports]]
org_name = "ballerina"
name = "log"
version = ""
imports = []

[[imports]]
org_name = "ballerina"
name = "io"
version = ""
imports = []

[[imports]]
org_name = "ballerina"
name = "lang.float"
version = ""
imports = []

[[imports]]
org_name = "ballerina"
name = "lang.float"
version = ""
imports = []

[[imports]]
org_name = "ballerina"
name = "config"
version = ""

[[imports.imports]]
org_name = "ballerina"
name = "lang.int"
version = ""
imports = []

[[imports.imports]]
org_name = "ballerina"
name = "lang.float"
version = ""
imports = []

[[imports.imports]]
org_name = "ballerina"
name = "internal"
version = ""
imports = []

[[imports.imports]]
org_name = "ballerina"
name = "system"
version = ""
imports = []

[[imports]]
org_name = "ballerina"
name = "config"
version = ""

[[imports.imports]]
org_name = "ballerina"
name = "lang.int"
version = ""
imports = []

[[imports.imports]]
org_name = "ballerina"
name = "lang.float"
version = ""
imports = []

[[imports.imports]]
org_name = "ballerina"
name = "internal"
version = ""
imports = []

[[imports.imports]]
org_name = "ballerina"
name = "system"
version = ""
imports = []

[[imports]]
org_name = "ballerina"
name = "time"
version = ""
imports = []

[[imports]]
org_name = "ballerina"
name = "runtime"
version = ""
imports = []

[[imports]]
org_name = "ballerina"
name = "system"
version = ""

[[imports.imports]]
org_name = "ballerina"
name = "time"
version = ""
imports = []

[[imports.imports]]
org_name = "ballerina"
name = "io"
version = ""
imports = []

[[imports]]
org_name = "ballerina"
name = "time"
version = ""
imports = []

[[imports]]
org_name = "ballerina"
name = "task"
version = ""

[[imports.imports]]
org_name = "ballerina"
name = "lang.object"
version = ""
imports = []

[[imports]]
org_name = "ballerina"
name = "system"
version = ""

[[imports.imports]]
org_name = "ballerina"
name = "time"
version = ""
imports = []

[[imports.imports]]
org_name = "ballerina"
name = "io"
version = ""
imports = []

[[imports]]
org_name = "ballerina"
name = "io"
version = ""
imports = []

[[imports]]
org_name = "ballerina"
name = "io"
version = ""
imports = []

[[imports]]
org_name = "ballerina"
name = "lang.int"
version = ""
imports = []

[[imports]]
org_name = "ballerina"
name = "lang.float"
version = ""
imports = []

[[imports]]
org_name = "ballerina"
name = "lang.int"
version = ""
imports = []

[[imports]]
org_name = "ballerina"
name = "encoding"
version = ""
imports = []

[[imports]]
org_name = "ballerina"
name = "internal"
version = ""
imports = []

[[imports]]
org_name = "ballerina"
name = "io"
version = ""
imports = []

[[imports]]
org_name = "ballerina"
name = "lang.object"
version = ""
imports = []

[[imports]]
org_name = "ballerina"
name = "io"
version = ""
imports = []

[[imports]]
org_name = "ballerina"
name = "mime"
version = ""

[[imports.imports]]
org_name = "ballerina"
name = "io"
version = ""
imports = []

[[imports.imports]]
org_name = "ballerina"
name = "lang.int"
version = ""
imports = []

[[imports]]
org_name = "ballerina"
name = "encoding"
version = ""
imports = []

[[imports]]
org_name = "ballerina"
name = "lang.int"
version = ""
imports = []

[[imports]]
org_name = "ballerina"
name = "reflect"
version = ""
imports = []

[[imports]]
org_name = "ballerina"
name = "io"
version = ""
imports = []

[[imports]]
org_name = "ballerina"
name = "internal"
version = ""
imports = []

[[imports]]
org_name = "ballerina"
name = "lang.int"
version = ""
imports = []

[[imports]]
org_name = "ballerina"
name = "internal"
version = ""
imports = []

[[imports]]
org_name = "ballerina"
name = "encoding"
version = ""
imports = []

[[imports]]
org_name = "ballerina"
name = "crypto"
version = ""

[[imports.imports]]
org_name = "ballerina"
name = "time"
version = ""
imports = []

[[imports]]
org_name = "ballerina"
name = "io"
version = ""
imports = []

[[imports]]
org_name = "ballerina"
name = "reflect"
version = ""
imports = []

[[imports]]
org_name = "ballerina"
name = "log"
version = ""
imports = []

[[imports]]
org_name = "ballerina"
name = "time"
version = ""
imports = []

[[imports]]
org_name = "ballerina"
name = "io"
version = ""
imports = []

[[imports]]
org_name = "ballerina"
name = "lang.int"
version = ""
imports = []

[[imports]]
org_name = "ballerina"
name = "lang.int"
version = ""
imports = []

[[imports]]
org_name = "ballerina"
name = "log"
version = ""
imports = []

[[imports]]
org_name = "ballerina"
name = "mime"
version = ""

[[imports.imports]]
org_name = "ballerina"
name = "io"
version = ""
imports = []

[[imports.imports]]
org_name = "ballerina"
name = "lang.int"
version = ""
imports = []

[[imports]]
org_name = "ballerina"
name = "time"
version = ""
imports = []

[[imports]]
org_name = "ballerina"
name = "encoding"
version = ""
imports = []

[[imports]]
org_name = "ballerina"
name = "time"
version = ""
imports = []

[[imports]]
org_name = "ballerina"
name = "time"
version = ""
imports = []

[[imports]]
org_name = "ballerina"
name = "lang.int"
version = ""
imports = []

[[imports]]
org_name = "ballerina"
name = "time"
version = ""
imports = []

[[imports]]
org_name = "ballerina"
name = "task"
version = ""

[[imports.imports]]
org_name = "ballerina"
name = "lang.object"
version = ""
imports = []

[[imports]]
org_name = "ballerina"
name = "runtime"
version = ""
imports = []

[[imports]]
org_name = "ballerina"
name = "runtime"
version = ""
imports = []

[[imports]]
org_name = "ballerina"
name = "auth"
version = ""

[[imports.imports]]
org_name = "ballerina"
name = "config"
version = ""
imports = []

[[imports.imports]]
org_name = "ballerina"
name = "crypto"
version = ""
imports = []

[[imports.imports]]
org_name = "ballerina"
name = "encoding"
version = ""
imports = []

[[imports.imports]]
org_name = "ballerina"
name = "internal"
version = ""
imports = []

[[imports.imports]]
org_name = "ballerina"
name = "runtime"
version = ""
imports = []

[[imports.imports]]
org_name = "ballerina"
name = "log"
version = ""
imports = []

[[imports]]
org_name = "ballerina"
name = "system"
version = ""

[[imports.imports]]
org_name = "ballerina"
name = "time"
version = ""
imports = []

[[imports.imports]]
org_name = "ballerina"
name = "io"
version = ""
imports = []

[[imports]]
org_name = "ballerina"
name = "config"
version = ""

[[imports.imports]]
org_name = "ballerina"
name = "lang.int"
version = ""
imports = []

[[imports.imports]]
org_name = "ballerina"
name = "lang.float"
version = ""
imports = []

[[imports.imports]]
org_name = "ballerina"
name = "internal"
version = ""
imports = []

[[imports.imports]]
org_name = "ballerina"
name = "system"
version = ""
imports = []

[[imports]]
org_name = "ballerina"
name = "config"
version = ""

[[imports.imports]]
org_name = "ballerina"
name = "lang.int"
version = ""
imports = []

[[imports.imports]]
org_name = "ballerina"
name = "lang.float"
version = ""
imports = []

[[imports.imports]]
org_name = "ballerina"
name = "internal"
version = ""
imports = []

[[imports.imports]]
org_name = "ballerina"
name = "system"
version = ""
imports = []

[[imports]]
org_name = "ballerina"
name = "time"
version = ""
imports = []

[[imports]]
org_name = "ballerina"
name = "internal"
version = ""
imports = []

[[imports]]
org_name = "ballerina"
name = "system"
version = ""

[[imports.imports]]
org_name = "ballerina"
name = "time"
version = ""
imports = []

[[imports.imports]]
org_name = "ballerina"
name = "io"
version = ""
imports = []

[[imports]]
org_name = "ballerina"
name = "lang.float"
version = ""
imports = []

[[imports]]
org_name = "ballerina"
name = "crypto"
version = ""

[[imports.imports]]
org_name = "ballerina"
name = "time"
version = ""
imports = []

[[imports]]
org_name = "ballerina"
name = "auth"
version = ""

[[imports.imports]]
org_name = "ballerina"
name = "config"
version = ""
imports = []

[[imports.imports]]
org_name = "ballerina"
name = "crypto"
version = ""
imports = []

[[imports.imports]]
org_name = "ballerina"
name = "encoding"
version = ""
imports = []

[[imports.imports]]
org_name = "ballerina"
name = "internal"
version = ""
imports = []

[[imports.imports]]
org_name = "ballerina"
name = "runtime"
version = ""
imports = []

[[imports.imports]]
org_name = "ballerina"
name = "log"
version = ""
imports = []

[[imports]]
org_name = "ballerina"
name = "time"
version = ""
imports = []

[[imports]]
org_name = "ballerina"
name = "io"
version = ""
imports = []

[[imports]]
org_name = "ballerina"
name = "system"
version = ""

[[imports.imports]]
org_name = "ballerina"
name = "time"
version = ""
imports = []

[[imports.imports]]
org_name = "ballerina"
name = "io"
version = ""
imports = []

[[imports]]
org_name = "ballerina"
name = "lang.float"
version = ""
imports = []

[[imports]]
org_name = "ballerina"
name = "internal"
version = ""
imports = []

[[imports]]
org_name = "ballerina"
name = "io"
version = ""
imports = []

[[imports]]
org_name = "ballerina"
name = "filepath"
version = ""

[[imports.imports]]
org_name = "ballerina"
name = "io"
version = ""
imports = []

[[imports.imports]]
org_name = "ballerina"
name = "log"
version = ""
imports = []

[[imports.imports]]
org_name = "ballerina"
name = "system"
version = ""
imports = []

[[imports.imports]]
org_name = "ballerina"
name = "internal"
version = ""
imports = []

[[imports]]
org_name = "ballerina"
name = "system"
version = ""

[[imports.imports]]
org_name = "ballerina"
name = "time"
version = ""
imports = []

[[imports.imports]]
org_name = "ballerina"
name = "io"
version = ""
imports = []

[[imports]]
org_name = "ballerina"
name = "io"
version = ""
imports = []

[[imports]]
org_name = "ballerina"
name = "lang.int"
version = ""
imports = []

[[imports]]
org_name = "ballerina"
name = "auth"
version = ""

[[imports.imports]]
org_name = "ballerina"
name = "config"
version = ""
imports = []

[[imports.imports]]
org_name = "ballerina"
name = "crypto"
version = ""
imports = []

[[imports.imports]]
org_name = "ballerina"
name = "encoding"
version = ""
imports = []

[[imports.imports]]
org_name = "ballerina"
name = "internal"
version = ""
imports = []

[[imports.imports]]
org_name = "ballerina"
name = "runtime"
version = ""
imports = []

[[imports.imports]]
org_name = "ballerina"
name = "log"
version = ""
imports = []

[[imports]]
org_name = "ballerina"
name = "lang.object"
version = ""
imports = []

[[imports]]
org_name = "ballerina"
name = "system"
version = ""

[[imports.imports]]
org_name = "ballerina"
name = "time"
version = ""
imports = []

[[imports.imports]]
org_name = "ballerina"
name = "io"
version = ""
imports = []

[[imports]]
org_name = "ballerina"
name = "config"
version = ""

[[imports.imports]]
org_name = "ballerina"
name = "lang.int"
version = ""
imports = []

[[imports.imports]]
org_name = "ballerina"
name = "lang.float"
version = ""
imports = []

[[imports.imports]]
org_name = "ballerina"
name = "internal"
version = ""
imports = []

[[imports.imports]]
org_name = "ballerina"
name = "system"
version = ""
imports = []

[[imports]]
org_name = "ballerina"
name = "internal"
version = ""
imports = []

[[imports]]
org_name = "ballerina"
name = "time"
version = ""
imports = []

[[imports]]
org_name = "ballerina"
name = "runtime"
version = ""
imports = []

[[imports]]
org_name = "ballerina"
name = "time"
version = ""
imports = []

[[imports]]
org_name = "ballerina"
name = "auth"
version = ""

[[imports.imports]]
org_name = "ballerina"
name = "config"
version = ""
imports = []

[[imports.imports]]
org_name = "ballerina"
name = "crypto"
version = ""
imports = []

[[imports.imports]]
org_name = "ballerina"
name = "encoding"
version = ""
imports = []

[[imports.imports]]
org_name = "ballerina"
name = "internal"
version = ""
imports = []

[[imports.imports]]
org_name = "ballerina"
name = "runtime"
version = ""
imports = []

[[imports.imports]]
org_name = "ballerina"
name = "log"
version = ""
imports = []

[[imports]]
org_name = "ballerina"
name = "oauth2"
version = ""

[[imports.imports]]
org_name = "ballerina"
name = "auth"
version = ""
imports = []

[[imports.imports]]
org_name = "ballerina"
name = "http"
version = ""
imports = []

[[imports.imports]]
org_name = "ballerina"
name = "internal"
version = ""
imports = []

[[imports.imports]]
org_name = "ballerina"
name = "mime"
version = ""
imports = []

[[imports.imports]]
org_name = "ballerina"
name = "runtime"
version = ""
imports = []

[[imports.imports]]
org_name = "ballerina"
name = "encoding"
version = ""
imports = []

[[imports.imports]]
org_name = "ballerina"
name = "log"
version = ""
imports = []

[[imports.imports]]
org_name = "ballerina"
name = "time"
version = ""
imports = []

[[imports]]
org_name = "ballerina"
name = "internal"
version = ""
imports = []
